# THIS IS AN AUTOGENERATED FILE. DO NOT EDIT THIS FILE DIRECTLY.
# yarn lockfile v1


"@openzeppelin/contracts-upgradeable@^4.9.6":
  version "4.9.6"
  resolved "https://registry.yarnpkg.com/@openzeppelin/contracts-upgradeable/-/contracts-upgradeable-4.9.6.tgz#38b21708a719da647de4bb0e4802ee235a0d24df"
  integrity sha512-m4iHazOsOCv1DgM7eD7GupTJ+NFVujRZt1wzddDPSVGpWdKq1SKkla5htKG7+IS4d2XOCtzkUNwRZ7Vq5aEUMA==

"@openzeppelin/contracts@^4.7.3":
  version "4.7.3"
  resolved "https://registry.npmjs.org/@openzeppelin/contracts/-/contracts-4.7.3.tgz"
  integrity sha512-dGRS0agJzu8ybo44pCIf3xBaPQN/65AIXNgK8+4gzKd5kbvlqyxryUYVLJv7fK98Seyd2hDZzVEHSWAh0Bt1Yw==
